
Microsoft Visual Studio Solution File, Format Version 12.00
# Visual Studio Version 16
VisualStudioVersion = 25.0.1703.0
MinimumVisualStudioVersion = 10.0.40219.1
Project("{FAE04EC0-301F-11D3-BF4B-00C04F79EFBC}") = "WebApi", "WebApi\WebApi.csproj", "{55C6DCC2-46FE-47D9-B68B-7905F72A3403}"
EndProject
Project("{FAE04EC0-301F-11D3-BF4B-00C04F79EFBC}") = "Entities", "Entities\Entities.csproj", "{9B52D62B-674F-4A02-AB96-A23A65D0E0AA}"
EndProject
Project("{FAE04EC0-301F-11D3-BF4B-00C04F79EFBC}") = "DataAccess", "DataAccess\DataAccess.csproj", "{86F14805-9B53-4241-B1C8-20FC213EE7F2}"
EndProject
Global
	GlobalSection(SolutionConfigurationPlatforms) = preSolution
		Debug|Any CPU = Debug|Any CPU
		Release|Any CPU = Release|Any CPU
	EndGlobalSection
	GlobalSection(ProjectConfigurationPlatforms) = postSolution
		{55C6DCC2-46FE-47D9-B68B-7905F72A3403}.Debug|Any CPU.ActiveCfg = Debug|Any CPU
		{55C6DCC2-46FE-47D9-B68B-7905F72A3403}.Debug|Any CPU.Build.0 = Debug|Any CPU
		{55C6DCC2-46FE-47D9-B68B-7905F72A3403}.Release|Any CPU.ActiveCfg = Release|Any CPU
		{55C6DCC2-46FE-47D9-B68B-7905F72A3403}.Release|Any CPU.Build.0 = Release|Any CPU
		{9B52D62B-674F-4A02-AB96-A23A65D0E0AA}.Debug|Any CPU.ActiveCfg = Debug|Any CPU
		{9B52D62B-674F-4A02-AB96-A23A65D0E0AA}.Debug|Any CPU.Build.0 = Debug|Any CPU
		{9B52D62B-674F-4A02-AB96-A23A65D0E0AA}.Release|Any CPU.ActiveCfg = Release|Any CPU
		{9B52D62B-674F-4A02-AB96-A23A65D0E0AA}.Release|Any CPU.Build.0 = Release|Any CPU
		{86F14805-9B53-4241-B1C8-20FC213EE7F2}.Debug|Any CPU.ActiveCfg = Debug|Any CPU
		{86F14805-9B53-4241-B1C8-20FC213EE7F2}.Debug|Any CPU.Build.0 = Debug|Any CPU
		{86F14805-9B53-4241-B1C8-20FC213EE7F2}.Release|Any CPU.ActiveCfg = Release|Any CPU
		{86F14805-9B53-4241-B1C8-20FC213EE7F2}.Release|Any CPU.Build.0 = Release|Any CPU
	EndGlobalSection
	GlobalSection(SolutionProperties) = preSolution
		HideSolutionNode = FALSE
	EndGlobalSection
	GlobalSection(ExtensibilityGlobals) = postSolution
		SolutionGuid = {BDEA50B6-5ABE-4973-8F85-DBA179C5860B}
	EndGlobalSection
EndGlobal
